// !$*UTF8*$!
{
	archiveVersion = 1;
	classes = {
	};
	objectVersion = 56;
	objects = {

/* Begin PBXBuildFile section */
		55A5067A2A31108600E609BA /* AppDelegate.swift in Sources */ = {isa = PBXBuildFile; fileRef = 55A506792A31108500E609BA /* AppDelegate.swift */; };
		55A5067C2A31108600E609BA /* SceneDelegate.swift in Sources */ = {isa = PBXBuildFile; fileRef = 55A5067B2A31108600E609BA /* SceneDelegate.swift */; };
		55A506842A31108600E609BA /* GoodForMe.xcdatamodeld in Sources */ = {isa = PBXBuildFile; fileRef = 55A506822A31108600E609BA /* GoodForMe.xcdatamodeld */; };
		55A506862A31108700E609BA /* Assets.xcassets in Resources */ = {isa = PBXBuildFile; fileRef = 55A506852A31108700E609BA /* Assets.xcassets */; };
		55A506892A31108700E609BA /* LaunchScreen.storyboard in Resources */ = {isa = PBXBuildFile; fileRef = 55A506872A31108700E609BA /* LaunchScreen.storyboard */; };
		55A506942A31108800E609BA /* GoodForMeTests.swift in Sources */ = {isa = PBXBuildFile; fileRef = 55A506932A31108800E609BA /* GoodForMeTests.swift */; };
		55A5069E2A31108800E609BA /* GoodForMeUITests.swift in Sources */ = {isa = PBXBuildFile; fileRef = 55A5069D2A31108800E609BA /* GoodForMeUITests.swift */; };
		55A506A02A31108800E609BA /* GoodForMeUITestsLaunchTests.swift in Sources */ = {isa = PBXBuildFile; fileRef = 55A5069F2A31108800E609BA /* GoodForMeUITestsLaunchTests.swift */; };
		55A506AF2A31135C00E609BA /* TestController.swift in Sources */ = {isa = PBXBuildFile; fileRef = 55A506AE2A31135C00E609BA /* TestController.swift */; };
		55BE77862A3E07BD002A1F91 /* swiftgen.yml in Resources */ = {isa = PBXBuildFile; fileRef = 55BE77852A3E07BD002A1F91 /* swiftgen.yml */; };
		55BE77902A3E081A002A1F91 /* SwiftGen_SwiftGenCLI.bundle in Resources */ = {isa = PBXBuildFile; fileRef = 55BE778B2A3E081A002A1F91 /* SwiftGen_SwiftGenCLI.bundle */; };
		55BE77912A3E081A002A1F91 /* swiftgen in Resources */ = {isa = PBXBuildFile; fileRef = 55BE778C2A3E081A002A1F91 /* swiftgen */; };
		55BE77922A3E081A002A1F91 /* CHANGELOG.md in Resources */ = {isa = PBXBuildFile; fileRef = 55BE778D2A3E081A002A1F91 /* CHANGELOG.md */; };
		55BE77932A3E081A002A1F91 /* README.md in Resources */ = {isa = PBXBuildFile; fileRef = 55BE778E2A3E081A002A1F91 /* README.md */; };
		55BE77942A3E081A002A1F91 /* LICENCE in Resources */ = {isa = PBXBuildFile; fileRef = 55BE778F2A3E081A002A1F91 /* LICENCE */; };
		55BE77992A3E086F002A1F91 /* Images.xcassets in Resources */ = {isa = PBXBuildFile; fileRef = 55BE77982A3E086F002A1F91 /* Images.xcassets */; };
		55BE779B2A3E0873002A1F91 /* Colors.xcassets in Resources */ = {isa = PBXBuildFile; fileRef = 55BE779A2A3E0873002A1F91 /* Colors.xcassets */; };
		55BE779C2A3E0890002A1F91 /* Localizable.strings in Resources */ = {isa = PBXBuildFile; fileRef = 55BE779E2A3E0890002A1F91 /* Localizable.strings */; };
		55BE77A22A3E0915002A1F91 /* Strings.swift in Sources */ = {isa = PBXBuildFile; fileRef = 55BE77A02A3E0915002A1F91 /* Strings.swift */; };
		55BE77A32A3E0915002A1F91 /* Assets.swift in Sources */ = {isa = PBXBuildFile; fileRef = 55BE77A12A3E0915002A1F91 /* Assets.swift */; };
		55BE77A72A3E09AC002A1F91 /* SecureUnarchiveFromDataTransformer.swift in Sources */ = {isa = PBXBuildFile; fileRef = 55BE77A62A3E09AC002A1F91 /* SecureUnarchiveFromDataTransformer.swift */; };
		55BE77AB2A3E0C20002A1F91 /* AnimatableViewsKit in Frameworks */ = {isa = PBXBuildFile; productRef = 55BE77AA2A3E0C20002A1F91 /* AnimatableViewsKit */; };
		55BE77AE2A3E0C31002A1F91 /* ConstraintsKit in Frameworks */ = {isa = PBXBuildFile; productRef = 55BE77AD2A3E0C31002A1F91 /* ConstraintsKit */; };
		55BE77B12A3E0C62002A1F91 /* CoordinatorKit in Frameworks */ = {isa = PBXBuildFile; productRef = 55BE77B02A3E0C62002A1F91 /* CoordinatorKit */; };
		55BE77B32A3E0C7B002A1F91 /* ActivityListCoordinator.swift in Sources */ = {isa = PBXBuildFile; fileRef = 55BE77B22A3E0C7B002A1F91 /* ActivityListCoordinator.swift */; };
		55BE77B52A3E0CCC002A1F91 /* AppCoordinator.swift in Sources */ = {isa = PBXBuildFile; fileRef = 55BE77B42A3E0CCC002A1F91 /* AppCoordinator.swift */; };
		55BE77B82A3F11ED002A1F91 /* CoreDataGateway.swift in Sources */ = {isa = PBXBuildFile; fileRef = 55BE77B72A3F11ED002A1F91 /* CoreDataGateway.swift */; };
		55BE77BB2A3F2AB2002A1F91 /* ActivityService.swift in Sources */ = {isa = PBXBuildFile; fileRef = 55BE77BA2A3F2AB2002A1F91 /* ActivityService.swift */; };
		55BE77BD2A3F2B00002A1F91 /* ActivityListViewModel.swift in Sources */ = {isa = PBXBuildFile; fileRef = 55BE77BC2A3F2B00002A1F91 /* ActivityListViewModel.swift */; };
		55BE77BF2A3F2B1E002A1F91 /* ActivityListController.swift in Sources */ = {isa = PBXBuildFile; fileRef = 55BE77BE2A3F2B1E002A1F91 /* ActivityListController.swift */; };
		55BE77C22A3F3181002A1F91 /* DayPickerView.swift in Sources */ = {isa = PBXBuildFile; fileRef = 55BE77C12A3F3181002A1F91 /* DayPickerView.swift */; };
		55BE77C42A3F31CD002A1F91 /* TextFieldWithInsideShadow.swift in Sources */ = {isa = PBXBuildFile; fileRef = 55BE77C32A3F31CD002A1F91 /* TextFieldWithInsideShadow.swift */; };
		55BE77C62A3F32BD002A1F91 /* TrackingDayCell.swift in Sources */ = {isa = PBXBuildFile; fileRef = 55BE77C52A3F32BD002A1F91 /* TrackingDayCell.swift */; };
		55BE77C92A3F3349002A1F91 /* DateFormatter.swift in Sources */ = {isa = PBXBuildFile; fileRef = 55BE77C82A3F3349002A1F91 /* DateFormatter.swift */; };
		55BE77CB2A3F34AB002A1F91 /* Date.swift in Sources */ = {isa = PBXBuildFile; fileRef = 55BE77CA2A3F34AB002A1F91 /* Date.swift */; };
/* End PBXBuildFile section */

/* Begin PBXContainerItemProxy section */
		55A506902A31108700E609BA /* PBXContainerItemProxy */ = {
			isa = PBXContainerItemProxy;
			containerPortal = 55A5066E2A31108500E609BA /* Project object */;
			proxyType = 1;
			remoteGlobalIDString = 55A506752A31108500E609BA;
			remoteInfo = GoodForMe;
		};
		55A5069A2A31108800E609BA /* PBXContainerItemProxy */ = {
			isa = PBXContainerItemProxy;
			containerPortal = 55A5066E2A31108500E609BA /* Project object */;
			proxyType = 1;
			remoteGlobalIDString = 55A506752A31108500E609BA;
			remoteInfo = GoodForMe;
		};
/* End PBXContainerItemProxy section */

/* Begin PBXFileReference section */
		55A506762A31108500E609BA /* GoodForMe.app */ = {isa = PBXFileReference; explicitFileType = wrapper.application; includeInIndex = 0; path = GoodForMe.app; sourceTree = BUILT_PRODUCTS_DIR; };
		55A506792A31108500E609BA /* AppDelegate.swift */ = {isa = PBXFileReference; lastKnownFileType = sourcecode.swift; path = AppDelegate.swift; sourceTree = "<group>"; };
		55A5067B2A31108600E609BA /* SceneDelegate.swift */ = {isa = PBXFileReference; lastKnownFileType = sourcecode.swift; path = SceneDelegate.swift; sourceTree = "<group>"; };
		55A506832A31108600E609BA /* GoodForMe.xcdatamodel */ = {isa = PBXFileReference; lastKnownFileType = wrapper.xcdatamodel; path = GoodForMe.xcdatamodel; sourceTree = "<group>"; };
		55A506852A31108700E609BA /* Assets.xcassets */ = {isa = PBXFileReference; lastKnownFileType = folder.assetcatalog; path = Assets.xcassets; sourceTree = "<group>"; };
		55A5068A2A31108700E609BA /* Info.plist */ = {isa = PBXFileReference; lastKnownFileType = text.plist.xml; path = Info.plist; sourceTree = "<group>"; };
		55A5068F2A31108700E609BA /* GoodForMeTests.xctest */ = {isa = PBXFileReference; explicitFileType = wrapper.cfbundle; includeInIndex = 0; path = GoodForMeTests.xctest; sourceTree = BUILT_PRODUCTS_DIR; };
		55A506932A31108800E609BA /* GoodForMeTests.swift */ = {isa = PBXFileReference; lastKnownFileType = sourcecode.swift; path = GoodForMeTests.swift; sourceTree = "<group>"; };
		55A506992A31108800E609BA /* GoodForMeUITests.xctest */ = {isa = PBXFileReference; explicitFileType = wrapper.cfbundle; includeInIndex = 0; path = GoodForMeUITests.xctest; sourceTree = BUILT_PRODUCTS_DIR; };
		55A5069D2A31108800E609BA /* GoodForMeUITests.swift */ = {isa = PBXFileReference; lastKnownFileType = sourcecode.swift; path = GoodForMeUITests.swift; sourceTree = "<group>"; };
		55A5069F2A31108800E609BA /* GoodForMeUITestsLaunchTests.swift */ = {isa = PBXFileReference; lastKnownFileType = sourcecode.swift; path = GoodForMeUITestsLaunchTests.swift; sourceTree = "<group>"; };
		55A506AC2A3111D700E609BA /* en */ = {isa = PBXFileReference; lastKnownFileType = file.storyboard; name = en; path = en.lproj/LaunchScreen.storyboard; sourceTree = "<group>"; };
		55A506AE2A31135C00E609BA /* TestController.swift */ = {isa = PBXFileReference; lastKnownFileType = sourcecode.swift; path = TestController.swift; sourceTree = "<group>"; };
		55BE77852A3E07BD002A1F91 /* swiftgen.yml */ = {isa = PBXFileReference; fileEncoding = 4; lastKnownFileType = text.yaml; path = swiftgen.yml; sourceTree = "<group>"; };
		55BE778B2A3E081A002A1F91 /* SwiftGen_SwiftGenCLI.bundle */ = {isa = PBXFileReference; lastKnownFileType = "wrapper.plug-in"; path = SwiftGen_SwiftGenCLI.bundle; sourceTree = "<group>"; };
		55BE778C2A3E081A002A1F91 /* swiftgen */ = {isa = PBXFileReference; lastKnownFileType = "compiled.mach-o.executable"; path = swiftgen; sourceTree = "<group>"; };
		55BE778D2A3E081A002A1F91 /* CHANGELOG.md */ = {isa = PBXFileReference; fileEncoding = 4; lastKnownFileType = net.daringfireball.markdown; path = CHANGELOG.md; sourceTree = "<group>"; };
		55BE778E2A3E081A002A1F91 /* README.md */ = {isa = PBXFileReference; fileEncoding = 4; lastKnownFileType = net.daringfireball.markdown; path = README.md; sourceTree = "<group>"; };
		55BE778F2A3E081A002A1F91 /* LICENCE */ = {isa = PBXFileReference; fileEncoding = 4; lastKnownFileType = text; path = LICENCE; sourceTree = "<group>"; };
		55BE77982A3E086F002A1F91 /* Images.xcassets */ = {isa = PBXFileReference; lastKnownFileType = folder.assetcatalog; path = Images.xcassets; sourceTree = "<group>"; };
		55BE779A2A3E0873002A1F91 /* Colors.xcassets */ = {isa = PBXFileReference; lastKnownFileType = folder.assetcatalog; path = Colors.xcassets; sourceTree = "<group>"; };
		55BE779D2A3E0890002A1F91 /* en */ = {isa = PBXFileReference; lastKnownFileType = text.plist.strings; name = en; path = en.lproj/Localizable.strings; sourceTree = "<group>"; };
		55BE77A02A3E0915002A1F91 /* Strings.swift */ = {isa = PBXFileReference; fileEncoding = 4; lastKnownFileType = sourcecode.swift; path = Strings.swift; sourceTree = "<group>"; };
		55BE77A12A3E0915002A1F91 /* Assets.swift */ = {isa = PBXFileReference; fileEncoding = 4; lastKnownFileType = sourcecode.swift; path = Assets.swift; sourceTree = "<group>"; };
		55BE77A62A3E09AC002A1F91 /* SecureUnarchiveFromDataTransformer.swift */ = {isa = PBXFileReference; lastKnownFileType = sourcecode.swift; path = SecureUnarchiveFromDataTransformer.swift; sourceTree = "<group>"; };
		55BE77B22A3E0C7B002A1F91 /* ActivityListCoordinator.swift */ = {isa = PBXFileReference; lastKnownFileType = sourcecode.swift; path = ActivityListCoordinator.swift; sourceTree = "<group>"; };
		55BE77B42A3E0CCC002A1F91 /* AppCoordinator.swift */ = {isa = PBXFileReference; lastKnownFileType = sourcecode.swift; path = AppCoordinator.swift; sourceTree = "<group>"; };
		55BE77B72A3F11ED002A1F91 /* CoreDataGateway.swift */ = {isa = PBXFileReference; lastKnownFileType = sourcecode.swift; path = CoreDataGateway.swift; sourceTree = "<group>"; };
		55BE77BA2A3F2AB2002A1F91 /* ActivityService.swift */ = {isa = PBXFileReference; lastKnownFileType = sourcecode.swift; path = ActivityService.swift; sourceTree = "<group>"; };
		55BE77BC2A3F2B00002A1F91 /* ActivityListViewModel.swift */ = {isa = PBXFileReference; lastKnownFileType = sourcecode.swift; path = ActivityListViewModel.swift; sourceTree = "<group>"; };
		55BE77BE2A3F2B1E002A1F91 /* ActivityListController.swift */ = {isa = PBXFileReference; lastKnownFileType = sourcecode.swift; path = ActivityListController.swift; sourceTree = "<group>"; };
		55BE77C12A3F3181002A1F91 /* DayPickerView.swift */ = {isa = PBXFileReference; lastKnownFileType = sourcecode.swift; path = DayPickerView.swift; sourceTree = "<group>"; };
		55BE77C32A3F31CD002A1F91 /* TextFieldWithInsideShadow.swift */ = {isa = PBXFileReference; lastKnownFileType = sourcecode.swift; path = TextFieldWithInsideShadow.swift; sourceTree = "<group>"; };
		55BE77C52A3F32BD002A1F91 /* TrackingDayCell.swift */ = {isa = PBXFileReference; lastKnownFileType = sourcecode.swift; path = TrackingDayCell.swift; sourceTree = "<group>"; };
		55BE77C82A3F3349002A1F91 /* DateFormatter.swift */ = {isa = PBXFileReference; lastKnownFileType = sourcecode.swift; path = DateFormatter.swift; sourceTree = "<group>"; };
		55BE77CA2A3F34AB002A1F91 /* Date.swift */ = {isa = PBXFileReference; lastKnownFileType = sourcecode.swift; path = Date.swift; sourceTree = "<group>"; };
/* End PBXFileReference section */

/* Begin PBXFrameworksBuildPhase section */
		55A506732A31108500E609BA /* Frameworks */ = {
			isa = PBXFrameworksBuildPhase;
			buildActionMask = 2147483647;
			files = (
				55BE77B12A3E0C62002A1F91 /* CoordinatorKit in Frameworks */,
				55BE77AE2A3E0C31002A1F91 /* ConstraintsKit in Frameworks */,
				55BE77AB2A3E0C20002A1F91 /* AnimatableViewsKit in Frameworks */,
			);
			runOnlyForDeploymentPostprocessing = 0;
		};
		55A5068C2A31108700E609BA /* Frameworks */ = {
			isa = PBXFrameworksBuildPhase;
			buildActionMask = 2147483647;
			files = (
			);
			runOnlyForDeploymentPostprocessing = 0;
		};
		55A506962A31108800E609BA /* Frameworks */ = {
			isa = PBXFrameworksBuildPhase;
			buildActionMask = 2147483647;
			files = (
			);
			runOnlyForDeploymentPostprocessing = 0;
		};
/* End PBXFrameworksBuildPhase section */

/* Begin PBXGroup section */
		55A5066D2A31108500E609BA = {
			isa = PBXGroup;
			children = (
				55BE77852A3E07BD002A1F91 /* swiftgen.yml */,
				55BE779F2A3E08D3002A1F91 /* Generated */,
				55A506782A31108500E609BA /* GoodForMe */,
				55A506792A31108500E609BA /* AppDelegate.swift */,
				55A5067B2A31108600E609BA /* SceneDelegate.swift */,
				55A506852A31108700E609BA /* Assets.xcassets */,
				55A506872A31108700E609BA /* LaunchScreen.storyboard */,
				55A506822A31108600E609BA /* GoodForMe.xcdatamodeld */,
				55A506922A31108700E609BA /* GoodForMeTests */,
				55A5069C2A31108800E609BA /* GoodForMeUITests */,
				55BE77882A3E081A002A1F91 /* ManualInstalledLibraries */,
				55A506772A31108500E609BA /* Products */,
			);
			sourceTree = "<group>";
		};
		55A506772A31108500E609BA /* Products */ = {
			isa = PBXGroup;
			children = (
				55A506762A31108500E609BA /* GoodForMe.app */,
				55A5068F2A31108700E609BA /* GoodForMeTests.xctest */,
				55A506992A31108800E609BA /* GoodForMeUITests.xctest */,
			);
			name = Products;
			sourceTree = "<group>";
		};
		55A506782A31108500E609BA /* GoodForMe */ = {
			isa = PBXGroup;
			children = (
				55A5068A2A31108700E609BA /* Info.plist */,
				55BE77B92A3F2A9F002A1F91 /* Services */,
				55A506AD2A31135000E609BA /* Presentation */,
				55BE77B62A3F11DA002A1F91 /* Data */,
				55BE77A42A3E0971002A1F91 /* Extensions */,
				55BE77952A3E084F002A1F91 /* Resources */,
				55BE77B42A3E0CCC002A1F91 /* AppCoordinator.swift */,
			);
			path = GoodForMe;
			sourceTree = "<group>";
		};
		55A506922A31108700E609BA /* GoodForMeTests */ = {
			isa = PBXGroup;
			children = (
				55A506932A31108800E609BA /* GoodForMeTests.swift */,
			);
			path = GoodForMeTests;
			sourceTree = "<group>";
		};
		55A5069C2A31108800E609BA /* GoodForMeUITests */ = {
			isa = PBXGroup;
			children = (
				55A5069D2A31108800E609BA /* GoodForMeUITests.swift */,
				55A5069F2A31108800E609BA /* GoodForMeUITestsLaunchTests.swift */,
			);
			path = GoodForMeUITests;
			sourceTree = "<group>";
		};
		55A506AD2A31135000E609BA /* Presentation */ = {
			isa = PBXGroup;
			children = (
				55BE77A82A3E0BBC002A1F91 /* ActivityList */,
				55A506AE2A31135C00E609BA /* TestController.swift */,
			);
			path = Presentation;
			sourceTree = "<group>";
		};
		55BE77882A3E081A002A1F91 /* ManualInstalledLibraries */ = {
			isa = PBXGroup;
			children = (
				55BE77892A3E081A002A1F91 /* swiftgen */,
			);
			path = ManualInstalledLibraries;
			sourceTree = "<group>";
		};
		55BE77892A3E081A002A1F91 /* swiftgen */ = {
			isa = PBXGroup;
			children = (
				55BE778A2A3E081A002A1F91 /* bin */,
				55BE778D2A3E081A002A1F91 /* CHANGELOG.md */,
				55BE778E2A3E081A002A1F91 /* README.md */,
				55BE778F2A3E081A002A1F91 /* LICENCE */,
			);
			path = swiftgen;
			sourceTree = "<group>";
		};
		55BE778A2A3E081A002A1F91 /* bin */ = {
			isa = PBXGroup;
			children = (
				55BE778B2A3E081A002A1F91 /* SwiftGen_SwiftGenCLI.bundle */,
				55BE778C2A3E081A002A1F91 /* swiftgen */,
			);
			path = bin;
			sourceTree = "<group>";
		};
		55BE77952A3E084F002A1F91 /* Resources */ = {
			isa = PBXGroup;
			children = (
				55BE779E2A3E0890002A1F91 /* Localizable.strings */,
				55BE77982A3E086F002A1F91 /* Images.xcassets */,
				55BE779A2A3E0873002A1F91 /* Colors.xcassets */,
			);
			path = Resources;
			sourceTree = "<group>";
		};
		55BE779F2A3E08D3002A1F91 /* Generated */ = {
			isa = PBXGroup;
			children = (
				55BE77A12A3E0915002A1F91 /* Assets.swift */,
				55BE77A02A3E0915002A1F91 /* Strings.swift */,
			);
			path = Generated;
			sourceTree = "<group>";
		};
		55BE77A42A3E0971002A1F91 /* Extensions */ = {
			isa = PBXGroup;
			children = (
				55BE77C72A3F3340002A1F91 /* Foundation */,
				55BE77A52A3E097C002A1F91 /* CoreData */,
			);
			path = Extensions;
			sourceTree = "<group>";
		};
		55BE77A52A3E097C002A1F91 /* CoreData */ = {
			isa = PBXGroup;
			children = (
				55BE77A62A3E09AC002A1F91 /* SecureUnarchiveFromDataTransformer.swift */,
			);
			path = CoreData;
			sourceTree = "<group>";
		};
		55BE77A82A3E0BBC002A1F91 /* ActivityList */ = {
			isa = PBXGroup;
			children = (
				55BE77B22A3E0C7B002A1F91 /* ActivityListCoordinator.swift */,
				55BE77BC2A3F2B00002A1F91 /* ActivityListViewModel.swift */,
				55BE77BE2A3F2B1E002A1F91 /* ActivityListController.swift */,
				55BE77C02A3F3169002A1F91 /* Components */,
			);
			path = ActivityList;
			sourceTree = "<group>";
		};
		55BE77B62A3F11DA002A1F91 /* Data */ = {
			isa = PBXGroup;
			children = (
				55BE77B72A3F11ED002A1F91 /* CoreDataGateway.swift */,
			);
			path = Data;
			sourceTree = "<group>";
		};
		55BE77B92A3F2A9F002A1F91 /* Services */ = {
			isa = PBXGroup;
			children = (
				55BE77BA2A3F2AB2002A1F91 /* ActivityService.swift */,
			);
			path = Services;
			sourceTree = "<group>";
		};
		55BE77C02A3F3169002A1F91 /* Components */ = {
			isa = PBXGroup;
			children = (
				55BE77C12A3F3181002A1F91 /* DayPickerView.swift */,
				55BE77C52A3F32BD002A1F91 /* TrackingDayCell.swift */,
				55BE77C32A3F31CD002A1F91 /* TextFieldWithInsideShadow.swift */,
			);
			path = Components;
			sourceTree = "<group>";
		};
		55BE77C72A3F3340002A1F91 /* Foundation */ = {
			isa = PBXGroup;
			children = (
				55BE77C82A3F3349002A1F91 /* DateFormatter.swift */,
				55BE77CA2A3F34AB002A1F91 /* Date.swift */,
			);
			path = Foundation;
			sourceTree = "<group>";
		};
/* End PBXGroup section */

/* Begin PBXNativeTarget section */
		55A506752A31108500E609BA /* GoodForMe */ = {
			isa = PBXNativeTarget;
			buildConfigurationList = 55A506A32A31108800E609BA /* Build configuration list for PBXNativeTarget "GoodForMe" */;
			buildPhases = (
				55BE77872A3E07D4002A1F91 /* Swiftgen (lib) */,
				55A506722A31108500E609BA /* Sources */,
				55A506732A31108500E609BA /* Frameworks */,
				55A506742A31108500E609BA /* Resources */,
			);
			buildRules = (
			);
			dependencies = (
			);
			name = GoodForMe;
			packageProductDependencies = (
				55BE77AA2A3E0C20002A1F91 /* AnimatableViewsKit */,
				55BE77AD2A3E0C31002A1F91 /* ConstraintsKit */,
				55BE77B02A3E0C62002A1F91 /* CoordinatorKit */,
			);
			productName = GoodForMe;
			productReference = 55A506762A31108500E609BA /* GoodForMe.app */;
			productType = "com.apple.product-type.application";
		};
		55A5068E2A31108700E609BA /* GoodForMeTests */ = {
			isa = PBXNativeTarget;
			buildConfigurationList = 55A506A62A31108800E609BA /* Build configuration list for PBXNativeTarget "GoodForMeTests" */;
			buildPhases = (
				55A5068B2A31108700E609BA /* Sources */,
				55A5068C2A31108700E609BA /* Frameworks */,
				55A5068D2A31108700E609BA /* Resources */,
			);
			buildRules = (
			);
			dependencies = (
				55A506912A31108700E609BA /* PBXTargetDependency */,
			);
			name = GoodForMeTests;
			productName = GoodForMeTests;
			productReference = 55A5068F2A31108700E609BA /* GoodForMeTests.xctest */;
			productType = "com.apple.product-type.bundle.unit-test";
		};
		55A506982A31108800E609BA /* GoodForMeUITests */ = {
			isa = PBXNativeTarget;
			buildConfigurationList = 55A506A92A31108800E609BA /* Build configuration list for PBXNativeTarget "GoodForMeUITests" */;
			buildPhases = (
				55A506952A31108800E609BA /* Sources */,
				55A506962A31108800E609BA /* Frameworks */,
				55A506972A31108800E609BA /* Resources */,
			);
			buildRules = (
			);
			dependencies = (
				55A5069B2A31108800E609BA /* PBXTargetDependency */,
			);
			name = GoodForMeUITests;
			productName = GoodForMeUITests;
			productReference = 55A506992A31108800E609BA /* GoodForMeUITests.xctest */;
			productType = "com.apple.product-type.bundle.ui-testing";
		};
/* End PBXNativeTarget section */

/* Begin PBXProject section */
		55A5066E2A31108500E609BA /* Project object */ = {
			isa = PBXProject;
			attributes = {
				BuildIndependentTargetsInParallel = 1;
				LastSwiftUpdateCheck = 1420;
				LastUpgradeCheck = 1420;
				TargetAttributes = {
					55A506752A31108500E609BA = {
						CreatedOnToolsVersion = 14.2;
					};
					55A5068E2A31108700E609BA = {
						CreatedOnToolsVersion = 14.2;
						TestTargetID = 55A506752A31108500E609BA;
					};
					55A506982A31108800E609BA = {
						CreatedOnToolsVersion = 14.2;
						TestTargetID = 55A506752A31108500E609BA;
					};
				};
			};
			buildConfigurationList = 55A506712A31108500E609BA /* Build configuration list for PBXProject "GoodForMe" */;
			compatibilityVersion = "Xcode 14.0";
			developmentRegion = en;
			hasScannedForEncodings = 0;
			knownRegions = (
				en,
			);
			mainGroup = 55A5066D2A31108500E609BA;
			packageReferences = (
				55BE77A92A3E0C20002A1F91 /* XCRemoteSwiftPackageReference "AnimatableViewsKit" */,
				55BE77AC2A3E0C31002A1F91 /* XCRemoteSwiftPackageReference "ConstraintsKit" */,
				55BE77AF2A3E0C62002A1F91 /* XCRemoteSwiftPackageReference "CoordinatorKit" */,
			);
			productRefGroup = 55A506772A31108500E609BA /* Products */;
			projectDirPath = "";
			projectRoot = "";
			targets = (
				55A506752A31108500E609BA /* GoodForMe */,
				55A5068E2A31108700E609BA /* GoodForMeTests */,
				55A506982A31108800E609BA /* GoodForMeUITests */,
			);
		};
/* End PBXProject section */

/* Begin PBXResourcesBuildPhase section */
		55A506742A31108500E609BA /* Resources */ = {
			isa = PBXResourcesBuildPhase;
			buildActionMask = 2147483647;
			files = (
				55BE77902A3E081A002A1F91 /* SwiftGen_SwiftGenCLI.bundle in Resources */,
				55BE77992A3E086F002A1F91 /* Images.xcassets in Resources */,
				55BE779B2A3E0873002A1F91 /* Colors.xcassets in Resources */,
				55BE77922A3E081A002A1F91 /* CHANGELOG.md in Resources */,
				55BE77942A3E081A002A1F91 /* LICENCE in Resources */,
				55A506892A31108700E609BA /* LaunchScreen.storyboard in Resources */,
				55BE779C2A3E0890002A1F91 /* Localizable.strings in Resources */,
				55BE77932A3E081A002A1F91 /* README.md in Resources */,
				55BE77912A3E081A002A1F91 /* swiftgen in Resources */,
				55A506862A31108700E609BA /* Assets.xcassets in Resources */,
				55BE77862A3E07BD002A1F91 /* swiftgen.yml in Resources */,
			);
			runOnlyForDeploymentPostprocessing = 0;
		};
		55A5068D2A31108700E609BA /* Resources */ = {
			isa = PBXResourcesBuildPhase;
			buildActionMask = 2147483647;
			files = (
			);
			runOnlyForDeploymentPostprocessing = 0;
		};
		55A506972A31108800E609BA /* Resources */ = {
			isa = PBXResourcesBuildPhase;
			buildActionMask = 2147483647;
			files = (
			);
			runOnlyForDeploymentPostprocessing = 0;
		};
/* End PBXResourcesBuildPhase section */

/* Begin PBXShellScriptBuildPhase section */
		55BE77872A3E07D4002A1F91 /* Swiftgen (lib) */ = {
			isa = PBXShellScriptBuildPhase;
			buildActionMask = 2147483647;
			files = (
			);
			inputFileListPaths = (
			);
			inputPaths = (
			);
			name = "Swiftgen (lib)";
			outputFileListPaths = (
			);
			outputPaths = (
			);
			runOnlyForDeploymentPostprocessing = 0;
			shellPath = /bin/sh;
			shellScript = "\"${PROJECT_DIR}/ManualInstalledLibraries/swiftgen/bin/swiftgen\"\n";
		};
/* End PBXShellScriptBuildPhase section */

/* Begin PBXSourcesBuildPhase section */
		55A506722A31108500E609BA /* Sources */ = {
			isa = PBXSourcesBuildPhase;
			buildActionMask = 2147483647;
			files = (
				55A506842A31108600E609BA /* GoodForMe.xcdatamodeld in Sources */,
				55BE77C62A3F32BD002A1F91 /* TrackingDayCell.swift in Sources */,
				55A5067A2A31108600E609BA /* AppDelegate.swift in Sources */,
				55BE77C42A3F31CD002A1F91 /* TextFieldWithInsideShadow.swift in Sources */,
				55BE77A32A3E0915002A1F91 /* Assets.swift in Sources */,
				55BE77A72A3E09AC002A1F91 /* SecureUnarchiveFromDataTransformer.swift in Sources */,
				55BE77A22A3E0915002A1F91 /* Strings.swift in Sources */,
				55BE77CB2A3F34AB002A1F91 /* Date.swift in Sources */,
				55BE77C92A3F3349002A1F91 /* DateFormatter.swift in Sources */,
				55BE77B32A3E0C7B002A1F91 /* ActivityListCoordinator.swift in Sources */,
				55BE77B52A3E0CCC002A1F91 /* AppCoordinator.swift in Sources */,
				55BE77BF2A3F2B1E002A1F91 /* ActivityListController.swift in Sources */,
				55BE77B82A3F11ED002A1F91 /* CoreDataGateway.swift in Sources */,
				55A5067C2A31108600E609BA /* SceneDelegate.swift in Sources */,
				55BE77BB2A3F2AB2002A1F91 /* ActivityService.swift in Sources */,
				55A506AF2A31135C00E609BA /* TestController.swift in Sources */,
				55BE77BD2A3F2B00002A1F91 /* ActivityListViewModel.swift in Sources */,
				55BE77C22A3F3181002A1F91 /* DayPickerView.swift in Sources */,
			);
			runOnlyForDeploymentPostprocessing = 0;
		};
		55A5068B2A31108700E609BA /* Sources */ = {
			isa = PBXSourcesBuildPhase;
			buildActionMask = 2147483647;
			files = (
				55A506942A31108800E609BA /* GoodForMeTests.swift in Sources */,
			);
			runOnlyForDeploymentPostprocessing = 0;
		};
		55A506952A31108800E609BA /* Sources */ = {
			isa = PBXSourcesBuildPhase;
			buildActionMask = 2147483647;
			files = (
				55A5069E2A31108800E609BA /* GoodForMeUITests.swift in Sources */,
				55A506A02A31108800E609BA /* GoodForMeUITestsLaunchTests.swift in Sources */,
			);
			runOnlyForDeploymentPostprocessing = 0;
		};
/* End PBXSourcesBuildPhase section */

/* Begin PBXTargetDependency section */
		55A506912A31108700E609BA /* PBXTargetDependency */ = {
			isa = PBXTargetDependency;
			target = 55A506752A31108500E609BA /* GoodForMe */;
			targetProxy = 55A506902A31108700E609BA /* PBXContainerItemProxy */;
		};
		55A5069B2A31108800E609BA /* PBXTargetDependency */ = {
			isa = PBXTargetDependency;
			target = 55A506752A31108500E609BA /* GoodForMe */;
			targetProxy = 55A5069A2A31108800E609BA /* PBXContainerItemProxy */;
		};
/* End PBXTargetDependency section */

/* Begin PBXVariantGroup section */
		55A506872A31108700E609BA /* LaunchScreen.storyboard */ = {
			isa = PBXVariantGroup;
			children = (
				55A506AC2A3111D700E609BA /* en */,
			);
			name = LaunchScreen.storyboard;
			sourceTree = "<group>";
		};
		55BE779E2A3E0890002A1F91 /* Localizable.strings */ = {
			isa = PBXVariantGroup;
			children = (
				55BE779D2A3E0890002A1F91 /* en */,
			);
			name = Localizable.strings;
			sourceTree = "<group>";
		};
/* End PBXVariantGroup section */

/* Begin XCBuildConfiguration section */
		55A506A12A31108800E609BA /* Debug */ = {
			isa = XCBuildConfiguration;
			buildSettings = {
				ALWAYS_SEARCH_USER_PATHS = NO;
				CLANG_ANALYZER_NONNULL = YES;
				CLANG_ANALYZER_NUMBER_OBJECT_CONVERSION = YES_AGGRESSIVE;
				CLANG_CXX_LANGUAGE_STANDARD = "gnu++20";
				CLANG_ENABLE_MODULES = YES;
				CLANG_ENABLE_OBJC_ARC = YES;
				CLANG_ENABLE_OBJC_WEAK = YES;
				CLANG_WARN_BLOCK_CAPTURE_AUTORELEASING = YES;
				CLANG_WARN_BOOL_CONVERSION = YES;
				CLANG_WARN_COMMA = YES;
				CLANG_WARN_CONSTANT_CONVERSION = YES;
				CLANG_WARN_DEPRECATED_OBJC_IMPLEMENTATIONS = YES;
				CLANG_WARN_DIRECT_OBJC_ISA_USAGE = YES_ERROR;
				CLANG_WARN_DOCUMENTATION_COMMENTS = YES;
				CLANG_WARN_EMPTY_BODY = YES;
				CLANG_WARN_ENUM_CONVERSION = YES;
				CLANG_WARN_INFINITE_RECURSION = YES;
				CLANG_WARN_INT_CONVERSION = YES;
				CLANG_WARN_NON_LITERAL_NULL_CONVERSION = YES;
				CLANG_WARN_OBJC_IMPLICIT_RETAIN_SELF = YES;
				CLANG_WARN_OBJC_LITERAL_CONVERSION = YES;
				CLANG_WARN_OBJC_ROOT_CLASS = YES_ERROR;
				CLANG_WARN_QUOTED_INCLUDE_IN_FRAMEWORK_HEADER = YES;
				CLANG_WARN_RANGE_LOOP_ANALYSIS = YES;
				CLANG_WARN_STRICT_PROTOTYPES = YES;
				CLANG_WARN_SUSPICIOUS_MOVE = YES;
				CLANG_WARN_UNGUARDED_AVAILABILITY = YES_AGGRESSIVE;
				CLANG_WARN_UNREACHABLE_CODE = YES;
				CLANG_WARN__DUPLICATE_METHOD_MATCH = YES;
				COPY_PHASE_STRIP = NO;
				DEBUG_INFORMATION_FORMAT = dwarf;
				ENABLE_STRICT_OBJC_MSGSEND = YES;
				ENABLE_TESTABILITY = YES;
				GCC_C_LANGUAGE_STANDARD = gnu11;
				GCC_DYNAMIC_NO_PIC = NO;
				GCC_NO_COMMON_BLOCKS = YES;
				GCC_OPTIMIZATION_LEVEL = 0;
				GCC_PREPROCESSOR_DEFINITIONS = (
					"DEBUG=1",
					"$(inherited)",
				);
				GCC_WARN_64_TO_32_BIT_CONVERSION = YES;
				GCC_WARN_ABOUT_RETURN_TYPE = YES_ERROR;
				GCC_WARN_UNDECLARED_SELECTOR = YES;
				GCC_WARN_UNINITIALIZED_AUTOS = YES_AGGRESSIVE;
				GCC_WARN_UNUSED_FUNCTION = YES;
				GCC_WARN_UNUSED_VARIABLE = YES;
				IPHONEOS_DEPLOYMENT_TARGET = 13.0;
				MTL_ENABLE_DEBUG_INFO = INCLUDE_SOURCE;
				MTL_FAST_MATH = YES;
				ONLY_ACTIVE_ARCH = YES;
				SDKROOT = iphoneos;
				SWIFT_ACTIVE_COMPILATION_CONDITIONS = DEBUG;
				SWIFT_OPTIMIZATION_LEVEL = "-Onone";
			};
			name = Debug;
		};
		55A506A22A31108800E609BA /* Release */ = {
			isa = XCBuildConfiguration;
			buildSettings = {
				ALWAYS_SEARCH_USER_PATHS = NO;
				CLANG_ANALYZER_NONNULL = YES;
				CLANG_ANALYZER_NUMBER_OBJECT_CONVERSION = YES_AGGRESSIVE;
				CLANG_CXX_LANGUAGE_STANDARD = "gnu++20";
				CLANG_ENABLE_MODULES = YES;
				CLANG_ENABLE_OBJC_ARC = YES;
				CLANG_ENABLE_OBJC_WEAK = YES;
				CLANG_WARN_BLOCK_CAPTURE_AUTORELEASING = YES;
				CLANG_WARN_BOOL_CONVERSION = YES;
				CLANG_WARN_COMMA = YES;
				CLANG_WARN_CONSTANT_CONVERSION = YES;
				CLANG_WARN_DEPRECATED_OBJC_IMPLEMENTATIONS = YES;
				CLANG_WARN_DIRECT_OBJC_ISA_USAGE = YES_ERROR;
				CLANG_WARN_DOCUMENTATION_COMMENTS = YES;
				CLANG_WARN_EMPTY_BODY = YES;
				CLANG_WARN_ENUM_CONVERSION = YES;
				CLANG_WARN_INFINITE_RECURSION = YES;
				CLANG_WARN_INT_CONVERSION = YES;
				CLANG_WARN_NON_LITERAL_NULL_CONVERSION = YES;
				CLANG_WARN_OBJC_IMPLICIT_RETAIN_SELF = YES;
				CLANG_WARN_OBJC_LITERAL_CONVERSION = YES;
				CLANG_WARN_OBJC_ROOT_CLASS = YES_ERROR;
				CLANG_WARN_QUOTED_INCLUDE_IN_FRAMEWORK_HEADER = YES;
				CLANG_WARN_RANGE_LOOP_ANALYSIS = YES;
				CLANG_WARN_STRICT_PROTOTYPES = YES;
				CLANG_WARN_SUSPICIOUS_MOVE = YES;
				CLANG_WARN_UNGUARDED_AVAILABILITY = YES_AGGRESSIVE;
				CLANG_WARN_UNREACHABLE_CODE = YES;
				CLANG_WARN__DUPLICATE_METHOD_MATCH = YES;
				COPY_PHASE_STRIP = NO;
				DEBUG_INFORMATION_FORMAT = "dwarf-with-dsym";
				ENABLE_NS_ASSERTIONS = NO;
				ENABLE_STRICT_OBJC_MSGSEND = YES;
				GCC_C_LANGUAGE_STANDARD = gnu11;
				GCC_NO_COMMON_BLOCKS = YES;
				GCC_WARN_64_TO_32_BIT_CONVERSION = YES;
				GCC_WARN_ABOUT_RETURN_TYPE = YES_ERROR;
				GCC_WARN_UNDECLARED_SELECTOR = YES;
				GCC_WARN_UNINITIALIZED_AUTOS = YES_AGGRESSIVE;
				GCC_WARN_UNUSED_FUNCTION = YES;
				GCC_WARN_UNUSED_VARIABLE = YES;
				IPHONEOS_DEPLOYMENT_TARGET = 13.0;
				MTL_ENABLE_DEBUG_INFO = NO;
				MTL_FAST_MATH = YES;
				SDKROOT = iphoneos;
				SWIFT_COMPILATION_MODE = wholemodule;
				SWIFT_OPTIMIZATION_LEVEL = "-O";
				VALIDATE_PRODUCT = YES;
			};
			name = Release;
		};
		55A506A42A31108800E609BA /* Debug */ = {
			isa = XCBuildConfiguration;
			buildSettings = {
				ASSETCATALOG_COMPILER_APPICON_NAME = AppIcon;
				ASSETCATALOG_COMPILER_GLOBAL_ACCENT_COLOR_NAME = AccentColor;
				CODE_SIGN_STYLE = Automatic;
				CURRENT_PROJECT_VERSION = 1;
				DEVELOPMENT_TEAM = 2Q72JE9WMB;
				GENERATE_INFOPLIST_FILE = YES;
				INFOPLIST_FILE = GoodForMe/Info.plist;
				INFOPLIST_KEY_CFBundleDisplayName = GoodForMe;
				INFOPLIST_KEY_LSApplicationCategoryType = "public.app-category.productivity";
				INFOPLIST_KEY_UIApplicationSupportsIndirectInputEvents = YES;
				INFOPLIST_KEY_UILaunchStoryboardName = LaunchScreen.storyboard;
				INFOPLIST_KEY_UISupportedInterfaceOrientations_iPad = "UIInterfaceOrientationPortrait UIInterfaceOrientationPortraitUpsideDown UIInterfaceOrientationLandscapeLeft UIInterfaceOrientationLandscapeRight";
				INFOPLIST_KEY_UISupportedInterfaceOrientations_iPhone = "UIInterfaceOrientationPortrait UIInterfaceOrientationLandscapeLeft UIInterfaceOrientationLandscapeRight";
				IPHONEOS_DEPLOYMENT_TARGET = 13.0;
				LD_RUNPATH_SEARCH_PATHS = (
					"$(inherited)",
					"@executable_path/Frameworks",
				);
				MARKETING_VERSION = 1.0;
				PRODUCT_BUNDLE_IDENTIFIER = com.krotov.GoodForMe;
				PRODUCT_NAME = "$(TARGET_NAME)";
				SWIFT_EMIT_LOC_STRINGS = YES;
				SWIFT_VERSION = 5.0;
				TARGETED_DEVICE_FAMILY = "1,2";
			};
			name = Debug;
		};
		55A506A52A31108800E609BA /* Release */ = {
			isa = XCBuildConfiguration;
			buildSettings = {
				ASSETCATALOG_COMPILER_APPICON_NAME = AppIcon;
				ASSETCATALOG_COMPILER_GLOBAL_ACCENT_COLOR_NAME = AccentColor;
				CODE_SIGN_STYLE = Automatic;
				CURRENT_PROJECT_VERSION = 1;
				DEVELOPMENT_TEAM = 2Q72JE9WMB;
				GENERATE_INFOPLIST_FILE = YES;
				INFOPLIST_FILE = GoodForMe/Info.plist;
				INFOPLIST_KEY_CFBundleDisplayName = GoodForMe;
				INFOPLIST_KEY_LSApplicationCategoryType = "public.app-category.productivity";
				INFOPLIST_KEY_UIApplicationSupportsIndirectInputEvents = YES;
				INFOPLIST_KEY_UILaunchStoryboardName = LaunchScreen.storyboard;
				INFOPLIST_KEY_UISupportedInterfaceOrientations_iPad = "UIInterfaceOrientationPortrait UIInterfaceOrientationPortraitUpsideDown UIInterfaceOrientationLandscapeLeft UIInterfaceOrientationLandscapeRight";
				INFOPLIST_KEY_UISupportedInterfaceOrientations_iPhone = "UIInterfaceOrientationPortrait UIInterfaceOrientationLandscapeLeft UIInterfaceOrientationLandscapeRight";
				IPHONEOS_DEPLOYMENT_TARGET = 13.0;
				LD_RUNPATH_SEARCH_PATHS = (
					"$(inherited)",
					"@executable_path/Frameworks",
				);
				MARKETING_VERSION = 1.0;
				PRODUCT_BUNDLE_IDENTIFIER = com.krotov.GoodForMe;
				PRODUCT_NAME = "$(TARGET_NAME)";
				SWIFT_EMIT_LOC_STRINGS = YES;
				SWIFT_VERSION = 5.0;
				TARGETED_DEVICE_FAMILY = "1,2";
			};
			name = Release;
		};
		55A506A72A31108800E609BA /* Debug */ = {
			isa = XCBuildConfiguration;
			buildSettings = {
				ALWAYS_EMBED_SWIFT_STANDARD_LIBRARIES = YES;
				BUNDLE_LOADER = "$(TEST_HOST)";
				CODE_SIGN_STYLE = Automatic;
				CURRENT_PROJECT_VERSION = 1;
				DEVELOPMENT_TEAM = 2Q72JE9WMB;
				GENERATE_INFOPLIST_FILE = YES;
				IPHONEOS_DEPLOYMENT_TARGET = 16.2;
				MARKETING_VERSION = 1.0;
				PRODUCT_BUNDLE_IDENTIFIER = com.krotov.GoodForMeTests;
				PRODUCT_NAME = "$(TARGET_NAME)";
				SWIFT_EMIT_LOC_STRINGS = NO;
				SWIFT_VERSION = 5.0;
				TARGETED_DEVICE_FAMILY = "1,2";
				TEST_HOST = "$(BUILT_PRODUCTS_DIR)/GoodForMe.app/$(BUNDLE_EXECUTABLE_FOLDER_PATH)/GoodForMe";
			};
			name = Debug;
		};
		55A506A82A31108800E609BA /* Release */ = {
			isa = XCBuildConfiguration;
			buildSettings = {
				ALWAYS_EMBED_SWIFT_STANDARD_LIBRARIES = YES;
				BUNDLE_LOADER = "$(TEST_HOST)";
				CODE_SIGN_STYLE = Automatic;
				CURRENT_PROJECT_VERSION = 1;
				DEVELOPMENT_TEAM = 2Q72JE9WMB;
				GENERATE_INFOPLIST_FILE = YES;
				IPHONEOS_DEPLOYMENT_TARGET = 16.2;
				MARKETING_VERSION = 1.0;
				PRODUCT_BUNDLE_IDENTIFIER = com.krotov.GoodForMeTests;
				PRODUCT_NAME = "$(TARGET_NAME)";
				SWIFT_EMIT_LOC_STRINGS = NO;
				SWIFT_VERSION = 5.0;
				TARGETED_DEVICE_FAMILY = "1,2";
				TEST_HOST = "$(BUILT_PRODUCTS_DIR)/GoodForMe.app/$(BUNDLE_EXECUTABLE_FOLDER_PATH)/GoodForMe";
			};
			name = Release;
		};
		55A506AA2A31108800E609BA /* Debug */ = {
			isa = XCBuildConfiguration;
			buildSettings = {
				ALWAYS_EMBED_SWIFT_STANDARD_LIBRARIES = YES;
				CODE_SIGN_STYLE = Automatic;
				CURRENT_PROJECT_VERSION = 1;
				DEVELOPMENT_TEAM = 2Q72JE9WMB;
				GENERATE_INFOPLIST_FILE = YES;
				MARKETING_VERSION = 1.0;
				PRODUCT_BUNDLE_IDENTIFIER = com.krotov.GoodForMeUITests;
				PRODUCT_NAME = "$(TARGET_NAME)";
				SWIFT_EMIT_LOC_STRINGS = NO;
				SWIFT_VERSION = 5.0;
				TARGETED_DEVICE_FAMILY = "1,2";
				TEST_TARGET_NAME = GoodForMe;
			};
			name = Debug;
		};
		55A506AB2A31108800E609BA /* Release */ = {
			isa = XCBuildConfiguration;
			buildSettings = {
				ALWAYS_EMBED_SWIFT_STANDARD_LIBRARIES = YES;
				CODE_SIGN_STYLE = Automatic;
				CURRENT_PROJECT_VERSION = 1;
				DEVELOPMENT_TEAM = 2Q72JE9WMB;
				GENERATE_INFOPLIST_FILE = YES;
				MARKETING_VERSION = 1.0;
				PRODUCT_BUNDLE_IDENTIFIER = com.krotov.GoodForMeUITests;
				PRODUCT_NAME = "$(TARGET_NAME)";
				SWIFT_EMIT_LOC_STRINGS = NO;
				SWIFT_VERSION = 5.0;
				TARGETED_DEVICE_FAMILY = "1,2";
				TEST_TARGET_NAME = GoodForMe;
			};
			name = Release;
		};
/* End XCBuildConfiguration section */

/* Begin XCConfigurationList section */
		55A506712A31108500E609BA /* Build configuration list for PBXProject "GoodForMe" */ = {
			isa = XCConfigurationList;
			buildConfigurations = (
				55A506A12A31108800E609BA /* Debug */,
				55A506A22A31108800E609BA /* Release */,
			);
			defaultConfigurationIsVisible = 0;
			defaultConfigurationName = Release;
		};
		55A506A32A31108800E609BA /* Build configuration list for PBXNativeTarget "GoodForMe" */ = {
			isa = XCConfigurationList;
			buildConfigurations = (
				55A506A42A31108800E609BA /* Debug */,
				55A506A52A31108800E609BA /* Release */,
			);
			defaultConfigurationIsVisible = 0;
			defaultConfigurationName = Release;
		};
		55A506A62A31108800E609BA /* Build configuration list for PBXNativeTarget "GoodForMeTests" */ = {
			isa = XCConfigurationList;
			buildConfigurations = (
				55A506A72A31108800E609BA /* Debug */,
				55A506A82A31108800E609BA /* Release */,
			);
			defaultConfigurationIsVisible = 0;
			defaultConfigurationName = Release;
		};
		55A506A92A31108800E609BA /* Build configuration list for PBXNativeTarget "GoodForMeUITests" */ = {
			isa = XCConfigurationList;
			buildConfigurations = (
				55A506AA2A31108800E609BA /* Debug */,
				55A506AB2A31108800E609BA /* Release */,
			);
			defaultConfigurationIsVisible = 0;
			defaultConfigurationName = Release;
		};
/* End XCConfigurationList section */

/* Begin XCRemoteSwiftPackageReference section */
		55BE77A92A3E0C20002A1F91 /* XCRemoteSwiftPackageReference "AnimatableViewsKit" */ = {
			isa = XCRemoteSwiftPackageReference;
			repositoryURL = "https://github.com/krotoff/AnimatableViewsKit";
			requirement = {
				branch = main;
				kind = branch;
			};
		};
		55BE77AC2A3E0C31002A1F91 /* XCRemoteSwiftPackageReference "ConstraintsKit" */ = {
			isa = XCRemoteSwiftPackageReference;
			repositoryURL = "https://github.com/krotoff/ConstraintsKit";
			requirement = {
				branch = main;
				kind = branch;
			};
		};
		55BE77AF2A3E0C62002A1F91 /* XCRemoteSwiftPackageReference "CoordinatorKit" */ = {
			isa = XCRemoteSwiftPackageReference;
			repositoryURL = "https://github.com/krotoff/CoordinatorKit";
			requirement = {
				branch = main;
				kind = branch;
			};
		};
/* End XCRemoteSwiftPackageReference section */

/* Begin XCSwiftPackageProductDependency section */
		55BE77AA2A3E0C20002A1F91 /* AnimatableViewsKit */ = {
			isa = XCSwiftPackageProductDependency;
			package = 55BE77A92A3E0C20002A1F91 /* XCRemoteSwiftPackageReference "AnimatableViewsKit" */;
			productName = AnimatableViewsKit;
		};
		55BE77AD2A3E0C31002A1F91 /* ConstraintsKit */ = {
			isa = XCSwiftPackageProductDependency;
			package = 55BE77AC2A3E0C31002A1F91 /* XCRemoteSwiftPackageReference "ConstraintsKit" */;
			productName = ConstraintsKit;
		};
		55BE77B02A3E0C62002A1F91 /* CoordinatorKit */ = {
			isa = XCSwiftPackageProductDependency;
			package = 55BE77AF2A3E0C62002A1F91 /* XCRemoteSwiftPackageReference "CoordinatorKit" */;
			productName = CoordinatorKit;
		};
/* End XCSwiftPackageProductDependency section */

/* Begin XCVersionGroup section */
		55A506822A31108600E609BA /* GoodForMe.xcdatamodeld */ = {
			isa = XCVersionGroup;
			children = (
				55A506832A31108600E609BA /* GoodForMe.xcdatamodel */,
			);
			currentVersion = 55A506832A31108600E609BA /* GoodForMe.xcdatamodel */;
			path = GoodForMe.xcdatamodeld;
			sourceTree = "<group>";
			versionGroupType = wrapper.xcdatamodel;
		};
/* End XCVersionGroup section */
	};
	rootObject = 55A5066E2A31108500E609BA /* Project object */;
}
